// !$*UTF8*$!
{
	archiveVersion = 1;
	classes = {
	};
	objectVersion = 50;
	objects = {

/* Begin PBXBuildFile section */
		325D3F96234147C700620AB2 /* AppDelegate.swift in Sources */ = {isa = PBXBuildFile; fileRef = 325D3F95234147C700620AB2 /* AppDelegate.swift */; };
		325D3F98234147C700620AB2 /* SceneDelegate.swift in Sources */ = {isa = PBXBuildFile; fileRef = 325D3F97234147C700620AB2 /* SceneDelegate.swift */; };
		325D3F9D234147C700620AB2 /* Main.storyboard in Resources */ = {isa = PBXBuildFile; fileRef = 325D3F9B234147C700620AB2 /* Main.storyboard */; };
		325D3FA0234147C700620AB2 /* Colone_Pokemon_test.xcdatamodeld in Sources */ = {isa = PBXBuildFile; fileRef = 325D3F9E234147C700620AB2 /* Colone_Pokemon_test.xcdatamodeld */; };
		325D3FA2234147C800620AB2 /* Assets.xcassets in Resources */ = {isa = PBXBuildFile; fileRef = 325D3FA1234147C800620AB2 /* Assets.xcassets */; };
		325D3FA5234147C800620AB2 /* LaunchScreen.storyboard in Resources */ = {isa = PBXBuildFile; fileRef = 325D3FA3234147C800620AB2 /* LaunchScreen.storyboard */; };
		325D3FAD23414EC900620AB2 /* MapViewController.swift in Sources */ = {isa = PBXBuildFile; fileRef = 325D3FAC23414EC900620AB2 /* MapViewController.swift */; };
		325D3FAF23414EF200620AB2 /* PokedexViewController.swift in Sources */ = {isa = PBXBuildFile; fileRef = 325D3FAE23414EF200620AB2 /* PokedexViewController.swift */; };
		32A44D79234D281400E2377A /* CoreDataHelper.swif.swift in Sources */ = {isa = PBXBuildFile; fileRef = 32A44D78234D281400E2377A /* CoreDataHelper.swif.swift */; };
		32A44D7D234D42A700E2377A /* PokeAnnotation.swift in Sources */ = {isa = PBXBuildFile; fileRef = 32A44D7C234D42A700E2377A /* PokeAnnotation.swift */; };
		32DDDA81234F3CE70046C5CB /* userViewController.swift in Sources */ = {isa = PBXBuildFile; fileRef = 32DDDA80234F3CE70046C5CB /* userViewController.swift */; };
		32DDDA85234FC3C60046C5CB /* fangenActionViewController.swift in Sources */ = {isa = PBXBuildFile; fileRef = 32DDDA84234FC3C60046C5CB /* fangenActionViewController.swift */; };
/* End PBXBuildFile section */

/* Begin PBXFileReference section */
		325D3F92234147C700620AB2 /* Colone Pokemon test.app */ = {isa = PBXFileReference; explicitFileType = wrapper.application; includeInIndex = 0; path = "Colone Pokemon test.app"; sourceTree = BUILT_PRODUCTS_DIR; };
		325D3F95234147C700620AB2 /* AppDelegate.swift */ = {isa = PBXFileReference; lastKnownFileType = sourcecode.swift; path = AppDelegate.swift; sourceTree = "<group>"; };
		325D3F97234147C700620AB2 /* SceneDelegate.swift */ = {isa = PBXFileReference; lastKnownFileType = sourcecode.swift; path = SceneDelegate.swift; sourceTree = "<group>"; };
		325D3F9C234147C700620AB2 /* Base */ = {isa = PBXFileReference; lastKnownFileType = file.storyboard; name = Base; path = Base.lproj/Main.storyboard; sourceTree = "<group>"; };
		325D3F9F234147C700620AB2 /* Colone_Pokemon_test.xcdatamodel */ = {isa = PBXFileReference; lastKnownFileType = wrapper.xcdatamodel; path = Colone_Pokemon_test.xcdatamodel; sourceTree = "<group>"; };
		325D3FA1234147C800620AB2 /* Assets.xcassets */ = {isa = PBXFileReference; lastKnownFileType = folder.assetcatalog; path = Assets.xcassets; sourceTree = "<group>"; };
		325D3FA4234147C800620AB2 /* Base */ = {isa = PBXFileReference; lastKnownFileType = file.storyboard; name = Base; path = Base.lproj/LaunchScreen.storyboard; sourceTree = "<group>"; };
		325D3FA6234147C800620AB2 /* Info.plist */ = {isa = PBXFileReference; lastKnownFileType = text.plist.xml; path = Info.plist; sourceTree = "<group>"; };
		325D3FAC23414EC900620AB2 /* MapViewController.swift */ = {isa = PBXFileReference; lastKnownFileType = sourcecode.swift; path = MapViewController.swift; sourceTree = "<group>"; };
		325D3FAE23414EF200620AB2 /* PokedexViewController.swift */ = {isa = PBXFileReference; lastKnownFileType = sourcecode.swift; path = PokedexViewController.swift; sourceTree = "<group>"; };
		32A44D78234D281400E2377A /* CoreDataHelper.swif.swift */ = {isa = PBXFileReference; lastKnownFileType = sourcecode.swift; path = CoreDataHelper.swif.swift; sourceTree = "<group>"; };
		32A44D7C234D42A700E2377A /* PokeAnnotation.swift */ = {isa = PBXFileReference; lastKnownFileType = sourcecode.swift; path = PokeAnnotation.swift; sourceTree = "<group>"; };
		32DDDA80234F3CE70046C5CB /* userViewController.swift */ = {isa = PBXFileReference; lastKnownFileType = sourcecode.swift; path = userViewController.swift; sourceTree = "<group>"; };
		32DDDA84234FC3C60046C5CB /* fangenActionViewController.swift */ = {isa = PBXFileReference; lastKnownFileType = sourcecode.swift; path = fangenActionViewController.swift; sourceTree = "<group>"; };
/* End PBXFileReference section */

/* Begin PBXFrameworksBuildPhase section */
		325D3F8F234147C700620AB2 /* Frameworks */ = {
			isa = PBXFrameworksBuildPhase;
			buildActionMask = 2147483647;
			files = (
			);
			runOnlyForDeploymentPostprocessing = 0;
		};
/* End PBXFrameworksBuildPhase section */

/* Begin PBXGroup section */
		325D3F89234147C700620AB2 = {
			isa = PBXGroup;
			children = (
				325D3F94234147C700620AB2 /* Colone Pokemon test */,
				325D3F93234147C700620AB2 /* Products */,
			);
			sourceTree = "<group>";
		};
		325D3F93234147C700620AB2 /* Products */ = {
			isa = PBXGroup;
			children = (
				325D3F92234147C700620AB2 /* Colone Pokemon test.app */,
			);
			name = Products;
			sourceTree = "<group>";
		};
		325D3F94234147C700620AB2 /* Colone Pokemon test */ = {
			isa = PBXGroup;
			children = (
				325D3F95234147C700620AB2 /* AppDelegate.swift */,
				325D3F97234147C700620AB2 /* SceneDelegate.swift */,
				325D3FA1234147C800620AB2 /* Assets.xcassets */,
				325D3F9B234147C700620AB2 /* Main.storyboard */,
				325D3FA3234147C800620AB2 /* LaunchScreen.storyboard */,
				325D3FAC23414EC900620AB2 /* MapViewController.swift */,
				325D3FAE23414EF200620AB2 /* PokedexViewController.swift */,
				32DDDA80234F3CE70046C5CB /* userViewController.swift */,
				32DDDA84234FC3C60046C5CB /* fangenActionViewController.swift */,
				32A44D78234D281400E2377A /* CoreDataHelper.swif.swift */,
				32A44D7C234D42A700E2377A /* PokeAnnotation.swift */,
				325D3F9E234147C700620AB2 /* Colone_Pokemon_test.xcdatamodeld */,
				325D3FA6234147C800620AB2 /* Info.plist */,
			);
			path = "Colone Pokemon test";
			sourceTree = "<group>";
		};
/* End PBXGroup section */

/* Begin PBXNativeTarget section */
		325D3F91234147C700620AB2 /* Colone Pokemon test */ = {
			isa = PBXNativeTarget;
			buildConfigurationList = 325D3FA9234147C800620AB2 /* Build configuration list for PBXNativeTarget "Colone Pokemon test" */;
			buildPhases = (
				325D3F8E234147C700620AB2 /* Sources */,
				325D3F8F234147C700620AB2 /* Frameworks */,
				325D3F90234147C700620AB2 /* Resources */,
			);
			buildRules = (
			);
			dependencies = (
			);
			name = "Colone Pokemon test";
			productName = "Colone Pokemon test";
			productReference = 325D3F92234147C700620AB2 /* Colone Pokemon test.app */;
			productType = "com.apple.product-type.application";
		};
/* End PBXNativeTarget section */

/* Begin PBXProject section */
		325D3F8A234147C700620AB2 /* Project object */ = {
			isa = PBXProject;
			attributes = {
				LastSwiftUpdateCheck = 1100;
				LastUpgradeCheck = 1100;
				ORGANIZATIONNAME = "Dan Li";
				TargetAttributes = {
					325D3F91234147C700620AB2 = {
						CreatedOnToolsVersion = 11.0;
					};
				};
			};
			buildConfigurationList = 325D3F8D234147C700620AB2 /* Build configuration list for PBXProject "Colone Pokemon test" */;
			compatibilityVersion = "Xcode 9.3";
			developmentRegion = en;
			hasScannedForEncodings = 0;
			knownRegions = (
				en,
				Base,
			);
			mainGroup = 325D3F89234147C700620AB2;
			productRefGroup = 325D3F93234147C700620AB2 /* Products */;
			projectDirPath = "";
			projectRoot = "";
			targets = (
				325D3F91234147C700620AB2 /* Colone Pokemon test */,
			);
		};
/* End PBXProject section */

/* Begin PBXResourcesBuildPhase section */
		325D3F90234147C700620AB2 /* Resources */ = {
			isa = PBXResourcesBuildPhase;
			buildActionMask = 2147483647;
			files = (
				325D3FA5234147C800620AB2 /* LaunchScreen.storyboard in Resources */,
				325D3FA2234147C800620AB2 /* Assets.xcassets in Resources */,
				325D3F9D234147C700620AB2 /* Main.storyboard in Resources */,
			);
			runOnlyForDeploymentPostprocessing = 0;
		};
/* End PBXResourcesBuildPhase section */

/* Begin PBXSourcesBuildPhase section */
		325D3F8E234147C700620AB2 /* Sources */ = {
			isa = PBXSourcesBuildPhase;
			buildActionMask = 2147483647;
			files = (
				32A44D7D234D42A700E2377A /* PokeAnnotation.swift in Sources */,
				32DDDA81234F3CE70046C5CB /* userViewController.swift in Sources */,
				325D3F96234147C700620AB2 /* AppDelegate.swift in Sources */,
				325D3FA0234147C700620AB2 /* Colone_Pokemon_test.xcdatamodeld in Sources */,
				32A44D79234D281400E2377A /* CoreDataHelper.swif.swift in Sources */,
				325D3FAF23414EF200620AB2 /* PokedexViewController.swift in Sources */,
				325D3F98234147C700620AB2 /* SceneDelegate.swift in Sources */,
				325D3FAD23414EC900620AB2 /* MapViewController.swift in Sources */,
				32DDDA85234FC3C60046C5CB /* fangenActionViewController.swift in Sources */,
			);
			runOnlyForDeploymentPostprocessing = 0;
		};
/* End PBXSourcesBuildPhase section */

/* Begin PBXVariantGroup section */
		325D3F9B234147C700620AB2 /* Main.storyboard */ = {
			isa = PBXVariantGroup;
			children = (
				325D3F9C234147C700620AB2 /* Base */,
			);
			name = Main.storyboard;
			sourceTree = "<group>";
		};
		325D3FA3234147C800620AB2 /* LaunchScreen.storyboard */ = {
			isa = PBXVariantGroup;
			children = (
				325D3FA4234147C800620AB2 /* Base */,
			);
			name = LaunchScreen.storyboard;
			sourceTree = "<group>";
		};
/* End PBXVariantGroup section */

/* Begin XCBuildConfiguration section */
		325D3FA7234147C800620AB2 /* Debug */ = {
			isa = XCBuildConfiguration;
			buildSettings = {
				ALWAYS_SEARCH_USER_PATHS = NO;
				CLANG_ANALYZER_NONNULL = YES;
				CLANG_ANALYZER_NUMBER_OBJECT_CONVERSION = YES_AGGRESSIVE;
				CLANG_CXX_LANGUAGE_STANDARD = "gnu++14";
				CLANG_CXX_LIBRARY = "libc++";
				CLANG_ENABLE_MODULES = YES;
				CLANG_ENABLE_OBJC_ARC = YES;
				CLANG_ENABLE_OBJC_WEAK = YES;
				CLANG_WARN_BLOCK_CAPTURE_AUTORELEASING = YES;
				CLANG_WARN_BOOL_CONVERSION = YES;
				CLANG_WARN_COMMA = YES;
				CLANG_WARN_CONSTANT_CONVERSION = YES;
				CLANG_WARN_DEPRECATED_OBJC_IMPLEMENTATIONS = YES;
				CLANG_WARN_DIRECT_OBJC_ISA_USAGE = YES_ERROR;
				CLANG_WARN_DOCUMENTATION_COMMENTS = YES;
				CLANG_WARN_EMPTY_BODY = YES;
				CLANG_WARN_ENUM_CONVERSION = YES;
				CLANG_WARN_INFINITE_RECURSION = YES;
				CLANG_WARN_INT_CONVERSION = YES;
				CLANG_WARN_NON_LITERAL_NULL_CONVERSION = YES;
				CLANG_WARN_OBJC_IMPLICIT_RETAIN_SELF = YES;
				CLANG_WARN_OBJC_LITERAL_CONVERSION = YES;
				CLANG_WARN_OBJC_ROOT_CLASS = YES_ERROR;
				CLANG_WARN_RANGE_LOOP_ANALYSIS = YES;
				CLANG_WARN_STRICT_PROTOTYPES = YES;
				CLANG_WARN_SUSPICIOUS_MOVE = YES;
				CLANG_WARN_UNGUARDED_AVAILABILITY = YES_AGGRESSIVE;
				CLANG_WARN_UNREACHABLE_CODE = YES;
				CLANG_WARN__DUPLICATE_METHOD_MATCH = YES;
				COPY_PHASE_STRIP = NO;
				DEBUG_INFORMATION_FORMAT = dwarf;
				ENABLE_STRICT_OBJC_MSGSEND = YES;
				ENABLE_TESTABILITY = YES;
				GCC_C_LANGUAGE_STANDARD = gnu11;
				GCC_DYNAMIC_NO_PIC = NO;
				GCC_NO_COMMON_BLOCKS = YES;
				GCC_OPTIMIZATION_LEVEL = 0;
				GCC_PREPROCESSOR_DEFINITIONS = (
					"DEBUG=1",
					"$(inherited)",
				);
				GCC_WARN_64_TO_32_BIT_CONVERSION = YES;
				GCC_WARN_ABOUT_RETURN_TYPE = YES_ERROR;
				GCC_WARN_UNDECLARED_SELECTOR = YES;
				GCC_WARN_UNINITIALIZED_AUTOS = YES_AGGRESSIVE;
				GCC_WARN_UNUSED_FUNCTION = YES;
				GCC_WARN_UNUSED_VARIABLE = YES;
				IPHONEOS_DEPLOYMENT_TARGET = 13.0;
				MTL_ENABLE_DEBUG_INFO = INCLUDE_SOURCE;
				MTL_FAST_MATH = YES;
				ONLY_ACTIVE_ARCH = YES;
				SDKROOT = iphoneos;
				SWIFT_ACTIVE_COMPILATION_CONDITIONS = DEBUG;
				SWIFT_OPTIMIZATION_LEVEL = "-Onone";
			};
			name = Debug;
		};
		325D3FA8234147C800620AB2 /* Release */ = {
			isa = XCBuildConfiguration;
			buildSettings = {
				ALWAYS_SEARCH_USER_PATHS = NO;
				CLANG_ANALYZER_NONNULL = YES;
				CLANG_ANALYZER_NUMBER_OBJECT_CONVERSION = YES_AGGRESSIVE;
				CLANG_CXX_LANGUAGE_STANDARD = "gnu++14";
				CLANG_CXX_LIBRARY = "libc++";
				CLANG_ENABLE_MODULES = YES;
				CLANG_ENABLE_OBJC_ARC = YES;
				CLANG_ENABLE_OBJC_WEAK = YES;
				CLANG_WARN_BLOCK_CAPTURE_AUTORELEASING = YES;
				CLANG_WARN_BOOL_CONVERSION = YES;
				CLANG_WARN_COMMA = YES;
				CLANG_WARN_CONSTANT_CONVERSION = YES;
				CLANG_WARN_DEPRECATED_OBJC_IMPLEMENTATIONS = YES;
				CLANG_WARN_DIRECT_OBJC_ISA_USAGE = YES_ERROR;
				CLANG_WARN_DOCUMENTATION_COMMENTS = YES;
				CLANG_WARN_EMPTY_BODY = YES;
				CLANG_WARN_ENUM_CONVERSION = YES;
				CLANG_WARN_INFINITE_RECURSION = YES;
				CLANG_WARN_INT_CONVERSION = YES;
				CLANG_WARN_NON_LITERAL_NULL_CONVERSION = YES;
				CLANG_WARN_OBJC_IMPLICIT_RETAIN_SELF = YES;
				CLANG_WARN_OBJC_LITERAL_CONVERSION = YES;
				CLANG_WARN_OBJC_ROOT_CLASS = YES_ERROR;
				CLANG_WARN_RANGE_LOOP_ANALYSIS = YES;
				CLANG_WARN_STRICT_PROTOTYPES = YES;
				CLANG_WARN_SUSPICIOUS_MOVE = YES;
				CLANG_WARN_UNGUARDED_AVAILABILITY = YES_AGGRESSIVE;
				CLANG_WARN_UNREACHABLE_CODE = YES;
				CLANG_WARN__DUPLICATE_METHOD_MATCH = YES;
				COPY_PHASE_STRIP = NO;
				DEBUG_INFORMATION_FORMAT = "dwarf-with-dsym";
				ENABLE_NS_ASSERTIONS = NO;
				ENABLE_STRICT_OBJC_MSGSEND = YES;
				GCC_C_LANGUAGE_STANDARD = gnu11;
				GCC_NO_COMMON_BLOCKS = YES;
				GCC_WARN_64_TO_32_BIT_CONVERSION = YES;
				GCC_WARN_ABOUT_RETURN_TYPE = YES_ERROR;
				GCC_WARN_UNDECLARED_SELECTOR = YES;
				GCC_WARN_UNINITIALIZED_AUTOS = YES_AGGRESSIVE;
				GCC_WARN_UNUSED_FUNCTION = YES;
				GCC_WARN_UNUSED_VARIABLE = YES;
				IPHONEOS_DEPLOYMENT_TARGET = 13.0;
				MTL_ENABLE_DEBUG_INFO = NO;
				MTL_FAST_MATH = YES;
				SDKROOT = iphoneos;
				SWIFT_COMPILATION_MODE = wholemodule;
				SWIFT_OPTIMIZATION_LEVEL = "-O";
				VALIDATE_PRODUCT = YES;
			};
			name = Release;
		};
		325D3FAA234147C800620AB2 /* Debug */ = {
			isa = XCBuildConfiguration;
			buildSettings = {
				ASSETCATALOG_COMPILER_APPICON_NAME = AppIcon;
				CODE_SIGN_STYLE = Automatic;
				DEVELOPMENT_TEAM = R9JTLA9B26;
				INFOPLIST_FILE = "Colone Pokemon test/Info.plist";
				LD_RUNPATH_SEARCH_PATHS = (
					"$(inherited)",
					"@executable_path/Frameworks",
				);
				PRODUCT_BUNDLE_IDENTIFIER = "c--.Colone-Pokemon-test";
				PRODUCT_NAME = "$(TARGET_NAME)";
				SWIFT_VERSION = 5.0;
				TARGETED_DEVICE_FAMILY = "1,2";
			};
			name = Debug;
		};
		325D3FAB234147C800620AB2 /* Release */ = {
			isa = XCBuildConfiguration;
			buildSettings = {
				ASSETCATALOG_COMPILER_APPICON_NAME = AppIcon;
				CODE_SIGN_STYLE = Automatic;
				DEVELOPMENT_TEAM = R9JTLA9B26;
				INFOPLIST_FILE = "Colone Pokemon test/Info.plist";
				LD_RUNPATH_SEARCH_PATHS = (
					"$(inherited)",
					"@executable_path/Frameworks",
				);
				PRODUCT_BUNDLE_IDENTIFIER = "c--.Colone-Pokemon-test";
				PRODUCT_NAME = "$(TARGET_NAME)";
				SWIFT_VERSION = 5.0;
				TARGETED_DEVICE_FAMILY = "1,2";
			};
			name = Release;
		};
/* End XCBuildConfiguration section */

/* Begin XCConfigurationList section */
		325D3F8D234147C700620AB2 /* Build configuration list for PBXProject "Colone Pokemon test" */ = {
			isa = XCConfigurationList;
			buildConfigurations = (
				325D3FA7234147C800620AB2 /* Debug */,
				325D3FA8234147C800620AB2 /* Release */,
			);
			defaultConfigurationIsVisible = 0;
			defaultConfigurationName = Release;
		};
		325D3FA9234147C800620AB2 /* Build configuration list for PBXNativeTarget "Colone Pokemon test" */ = {
			isa = XCConfigurationList;
			buildConfigurations = (
				325D3FAA234147C800620AB2 /* Debug */,
				325D3FAB234147C800620AB2 /* Release */,
			);
			defaultConfigurationIsVisible = 0;
			defaultConfigurationName = Release;
		};
/* End XCConfigurationList section */

/* Begin XCVersionGroup section */
		325D3F9E234147C700620AB2 /* Colone_Pokemon_test.xcdatamodeld */ = {
			isa = XCVersionGroup;
			children = (
				325D3F9F234147C700620AB2 /* Colone_Pokemon_test.xcdatamodel */,
			);
			currentVersion = 325D3F9F234147C700620AB2 /* Colone_Pokemon_test.xcdatamodel */;
			path = Colone_Pokemon_test.xcdatamodeld;
			sourceTree = "<group>";
			versionGroupType = wrapper.xcdatamodel;
		};
/* End XCVersionGroup section */
	};
	rootObject = 325D3F8A234147C700620AB2 /* Project object */;
}
